
Microsoft Visual Studio Solution File, Format Version 12.00
Project("{FAE04EC0-301F-11D3-BF4B-00C04F79EFBC}") = "Presentation.Mvc", "Image\Presentation.Mvc\Presentation.Mvc.csproj", "{99F7B2D2-B777-4C86-8803-D36788FD3F2C}"
EndProject
Project("{FAE04EC0-301F-11D3-BF4B-00C04F79EFBC}") = "Domain", "Image\Domain\Domain.csproj", "{FF009E00-873F-4D06-BB7E-4BE21C62CE77}"
EndProject
Project("{FAE04EC0-301F-11D3-BF4B-00C04F79EFBC}") = "Application", "Image\Application\Application.csproj", "{C12DC8AB-2A48-4D30-85C6-D47B99944AE7}"
EndProject
Project("{2150E333-8FDC-42A3-9474-1A3956D46DE8}") = "Infrastructure", "Infrastructure", "{ADA368BE-C3AA-40BF-BDAB-BAB56E90782F}"
EndProject
Project("{FAE04EC0-301F-11D3-BF4B-00C04F79EFBC}") = "Persistence", "Image\Persistence\Persistence.csproj", "{8E10B09E-8B64-40A8-A6CD-74CD461E4150}"
EndProject
Project("{FAE04EC0-301F-11D3-BF4B-00C04F79EFBC}") = "BlobStorage", "Image\BlobStorage\BlobStorage.csproj", "{CDB5C48F-5520-4084-AC58-DDF0D2BF4DDD}"
EndProject
Project("{2150E333-8FDC-42A3-9474-1A3956D46DE8}") = "ImageStorage", "ImageStorage", "{231EC0AD-629A-4AF7-AF07-90610B291F9D}"
EndProject
Project("{2150E333-8FDC-42A3-9474-1A3956D46DE8}") = "ImageProcessor", "ImageProcessor", "{3F3732D9-DFD7-45C5-A9EC-DE5A4051F34F}"
EndProject
Project("{FAE04EC0-301F-11D3-BF4B-00C04F79EFBC}") = "ImageProcessor.Application", "ImageProcessor\ImageProcessor.Application\ImageProcessor.Application.csproj", "{972DA462-FD67-4AE7-A51A-E5A1ACC6B92D}"
EndProject
Project("{FAE04EC0-301F-11D3-BF4B-00C04F79EFBC}") = "ImageProcessor.Persistence", "ImageProcessor\ImageProcessor.Persistence\ImageProcessor.Persistence.csproj", "{5FB81C58-A1B5-4CED-AFFA-2CEA15859B5F}"
EndProject
Project("{FAE04EC0-301F-11D3-BF4B-00C04F79EFBC}") = "Contracts", "Contracts\Contracts.csproj", "{E100A907-1A70-4A91-B9A0-E2B173767780}"
EndProject
Project("{FAE04EC0-301F-11D3-BF4B-00C04F79EFBC}") = "ImageProcessor.Domain", "ImageProcessor\ImageProcessor.Domain\ImageProcessor.Domain.csproj", "{7B1CCA7E-6C7B-4171-916F-0ABD26B6A3C7}"
EndProject
Project("{FAE04EC0-301F-11D3-BF4B-00C04F79EFBC}") = "SharedKernel", "SharedKernel\SharedKernel.csproj", "{E2093375-90BA-470D-9BD5-305A99375E90}"
EndProject
Project("{FAE04EC0-301F-11D3-BF4B-00C04F79EFBC}") = "ImageProcessor", "ImageProcessor\ImageProcessor\ImageProcessor.csproj", "{5F1B7710-5151-41F7-B0BB-5F4C834FE2B4}"
EndProject
Global
	GlobalSection(SolutionConfigurationPlatforms) = preSolution
		Debug|Any CPU = Debug|Any CPU
		Release|Any CPU = Release|Any CPU
	EndGlobalSection
	GlobalSection(ProjectConfigurationPlatforms) = postSolution
		{99F7B2D2-B777-4C86-8803-D36788FD3F2C}.Debug|Any CPU.ActiveCfg = Debug|Any CPU
		{99F7B2D2-B777-4C86-8803-D36788FD3F2C}.Debug|Any CPU.Build.0 = Debug|Any CPU
		{99F7B2D2-B777-4C86-8803-D36788FD3F2C}.Release|Any CPU.ActiveCfg = Release|Any CPU
		{99F7B2D2-B777-4C86-8803-D36788FD3F2C}.Release|Any CPU.Build.0 = Release|Any CPU
		{FF009E00-873F-4D06-BB7E-4BE21C62CE77}.Debug|Any CPU.ActiveCfg = Debug|Any CPU
		{FF009E00-873F-4D06-BB7E-4BE21C62CE77}.Debug|Any CPU.Build.0 = Debug|Any CPU
		{FF009E00-873F-4D06-BB7E-4BE21C62CE77}.Release|Any CPU.ActiveCfg = Release|Any CPU
		{FF009E00-873F-4D06-BB7E-4BE21C62CE77}.Release|Any CPU.Build.0 = Release|Any CPU
		{C12DC8AB-2A48-4D30-85C6-D47B99944AE7}.Debug|Any CPU.ActiveCfg = Debug|Any CPU
		{C12DC8AB-2A48-4D30-85C6-D47B99944AE7}.Debug|Any CPU.Build.0 = Debug|Any CPU
		{C12DC8AB-2A48-4D30-85C6-D47B99944AE7}.Release|Any CPU.ActiveCfg = Release|Any CPU
		{C12DC8AB-2A48-4D30-85C6-D47B99944AE7}.Release|Any CPU.Build.0 = Release|Any CPU
		{8E10B09E-8B64-40A8-A6CD-74CD461E4150}.Debug|Any CPU.ActiveCfg = Debug|Any CPU
		{8E10B09E-8B64-40A8-A6CD-74CD461E4150}.Debug|Any CPU.Build.0 = Debug|Any CPU
		{8E10B09E-8B64-40A8-A6CD-74CD461E4150}.Release|Any CPU.ActiveCfg = Release|Any CPU
		{8E10B09E-8B64-40A8-A6CD-74CD461E4150}.Release|Any CPU.Build.0 = Release|Any CPU
		{CDB5C48F-5520-4084-AC58-DDF0D2BF4DDD}.Debug|Any CPU.ActiveCfg = Debug|Any CPU
		{CDB5C48F-5520-4084-AC58-DDF0D2BF4DDD}.Debug|Any CPU.Build.0 = Debug|Any CPU
		{CDB5C48F-5520-4084-AC58-DDF0D2BF4DDD}.Release|Any CPU.ActiveCfg = Release|Any CPU
		{CDB5C48F-5520-4084-AC58-DDF0D2BF4DDD}.Release|Any CPU.Build.0 = Release|Any CPU
		{972DA462-FD67-4AE7-A51A-E5A1ACC6B92D}.Debug|Any CPU.ActiveCfg = Debug|Any CPU
		{972DA462-FD67-4AE7-A51A-E5A1ACC6B92D}.Debug|Any CPU.Build.0 = Debug|Any CPU
		{972DA462-FD67-4AE7-A51A-E5A1ACC6B92D}.Release|Any CPU.ActiveCfg = Release|Any CPU
		{972DA462-FD67-4AE7-A51A-E5A1ACC6B92D}.Release|Any CPU.Build.0 = Release|Any CPU
		{5FB81C58-A1B5-4CED-AFFA-2CEA15859B5F}.Debug|Any CPU.ActiveCfg = Debug|Any CPU
		{5FB81C58-A1B5-4CED-AFFA-2CEA15859B5F}.Debug|Any CPU.Build.0 = Debug|Any CPU
		{5FB81C58-A1B5-4CED-AFFA-2CEA15859B5F}.Release|Any CPU.ActiveCfg = Release|Any CPU
		{5FB81C58-A1B5-4CED-AFFA-2CEA15859B5F}.Release|Any CPU.Build.0 = Release|Any CPU
		{E100A907-1A70-4A91-B9A0-E2B173767780}.Debug|Any CPU.ActiveCfg = Debug|Any CPU
		{E100A907-1A70-4A91-B9A0-E2B173767780}.Debug|Any CPU.Build.0 = Debug|Any CPU
		{E100A907-1A70-4A91-B9A0-E2B173767780}.Release|Any CPU.ActiveCfg = Release|Any CPU
		{E100A907-1A70-4A91-B9A0-E2B173767780}.Release|Any CPU.Build.0 = Release|Any CPU
		{7B1CCA7E-6C7B-4171-916F-0ABD26B6A3C7}.Debug|Any CPU.ActiveCfg = Debug|Any CPU
		{7B1CCA7E-6C7B-4171-916F-0ABD26B6A3C7}.Debug|Any CPU.Build.0 = Debug|Any CPU
		{7B1CCA7E-6C7B-4171-916F-0ABD26B6A3C7}.Release|Any CPU.ActiveCfg = Release|Any CPU
		{7B1CCA7E-6C7B-4171-916F-0ABD26B6A3C7}.Release|Any CPU.Build.0 = Release|Any CPU
		{E2093375-90BA-470D-9BD5-305A99375E90}.Debug|Any CPU.ActiveCfg = Debug|Any CPU
		{E2093375-90BA-470D-9BD5-305A99375E90}.Debug|Any CPU.Build.0 = Debug|Any CPU
		{E2093375-90BA-470D-9BD5-305A99375E90}.Release|Any CPU.ActiveCfg = Release|Any CPU
		{E2093375-90BA-470D-9BD5-305A99375E90}.Release|Any CPU.Build.0 = Release|Any CPU
		{5F1B7710-5151-41F7-B0BB-5F4C834FE2B4}.Debug|Any CPU.ActiveCfg = Debug|Any CPU
		{5F1B7710-5151-41F7-B0BB-5F4C834FE2B4}.Debug|Any CPU.Build.0 = Debug|Any CPU
		{5F1B7710-5151-41F7-B0BB-5F4C834FE2B4}.Release|Any CPU.ActiveCfg = Release|Any CPU
		{5F1B7710-5151-41F7-B0BB-5F4C834FE2B4}.Release|Any CPU.Build.0 = Release|Any CPU
	EndGlobalSection
	GlobalSection(NestedProjects) = preSolution
		{8E10B09E-8B64-40A8-A6CD-74CD461E4150} = {ADA368BE-C3AA-40BF-BDAB-BAB56E90782F}
		{CDB5C48F-5520-4084-AC58-DDF0D2BF4DDD} = {ADA368BE-C3AA-40BF-BDAB-BAB56E90782F}
		{ADA368BE-C3AA-40BF-BDAB-BAB56E90782F} = {231EC0AD-629A-4AF7-AF07-90610B291F9D}
		{C12DC8AB-2A48-4D30-85C6-D47B99944AE7} = {231EC0AD-629A-4AF7-AF07-90610B291F9D}
		{FF009E00-873F-4D06-BB7E-4BE21C62CE77} = {231EC0AD-629A-4AF7-AF07-90610B291F9D}
		{99F7B2D2-B777-4C86-8803-D36788FD3F2C} = {231EC0AD-629A-4AF7-AF07-90610B291F9D}
		{972DA462-FD67-4AE7-A51A-E5A1ACC6B92D} = {3F3732D9-DFD7-45C5-A9EC-DE5A4051F34F}
		{5FB81C58-A1B5-4CED-AFFA-2CEA15859B5F} = {3F3732D9-DFD7-45C5-A9EC-DE5A4051F34F}
		{7B1CCA7E-6C7B-4171-916F-0ABD26B6A3C7} = {3F3732D9-DFD7-45C5-A9EC-DE5A4051F34F}
		{5F1B7710-5151-41F7-B0BB-5F4C834FE2B4} = {3F3732D9-DFD7-45C5-A9EC-DE5A4051F34F}
	EndGlobalSection
EndGlobal
